{
  "name": "runner",
  "version": "1.0.0",
  "lockfileVersion": 3,
  "requires": true,
  "packages": {
    "": {
      "name": "runner",
      "version": "1.0.0",
      "license": "ISC",
      "devDependencies": {
        "project-generator": "../../packages/project-generator"
      }
    },
    "..": {
      "extraneous": true
    },
    "../../..": {
      "name": "root",
      "version": "0.0.0",
      "dev": true,
      "license": "MIT",
      "devDependencies": {
        "@commitlint/cli": "17.4.2",
        "@commitlint/config-conventional": "17.4.2",
        "@typescript-eslint/eslint-plugin": "^5.46.1",
        "@typescript-eslint/parser": "^5.46.1",
        "eslint": "^7.19.0",
        "eslint-config-airbnb": "^18.1.0",
        "eslint-import-resolver-node": "^0.3.3",
        "eslint-plugin-import": "^2.20.1",
        "eslint-plugin-simple-import-sort": "^8.0.0",
        "eslint-plugin-testing-library": "^5.10.0",
        "husky": "8.0.2",
        "lint-staged": "^15.2.2",
        "vite": "^5.3.5",
        "vitest": "^2.0.4"
      }
    },
    "../../packages/project-generator": {
      "version": "0.0.0-stub",
      "dev": true,
      "license": "MIT",
      "dependencies": {
        "chalk": "^5.3.0",
        "commander": "^12.1.0",
        "envinfo": "^7.13.0",
        "rimraf": "^5.0.5"
      },
      "bin": {
        "project-generator": "bin/project-generator.js"
      },
      "devDependencies": {
        "@types/envinfo": "^7.8.4",
        "clean-package": "^2.2.0",
        "cross-env": "^7.0.3",
        "dotenv": "^16.4.5",
        "esbuild": "0.15.5",
        "esbuild-plugin-ignore": "1.1.1",
        "nodemon": "2.0.19",
        "tsc-alias": "1.8.8",
        "tsx": "^4.16.2",
        "typedoc": "^0.25.11",
        "typescript": "^5.5.4"
      }
    },
    "node_modules/project-generator": {
      "resolved": "../../packages/project-generator",
      "link": true
    }
  }
}
