{
  "name": "runner",
  "version": "1.0.0",
  "lockfileVersion": 3,
  "requires": true,
  "packages": {
    "": {
      "name": "runner",
      "version": "1.0.0",
      "license": "ISC",
      "dependencies": {
        "install": "^0.13.0"
      },
      "devDependencies": {
        "project-generator": "../../packages/project-generator",
        "sync": ""
      }
    },
    "..": {
      "extraneous": true
    },
    "../../..": {
      "name": "root",
      "version": "0.0.0",
      "dev": true,
      "license": "MIT",
      "devDependencies": {
        "@commitlint/cli": "17.4.2",
        "@commitlint/config-conventional": "17.4.2",
        "@typescript-eslint/eslint-plugin": "^5.46.1",
        "@typescript-eslint/parser": "^5.46.1",
        "eslint": "^7.19.0",
        "eslint-config-airbnb": "^18.1.0",
        "eslint-import-resolver-node": "^0.3.3",
        "eslint-plugin-import": "^2.20.1",
        "eslint-plugin-simple-import-sort": "^8.0.0",
        "eslint-plugin-testing-library": "^5.10.0",
        "husky": "8.0.2",
        "lint-staged": "^15.2.2",
        "vite": "^5.3.5",
        "vitest": "^2.0.4"
      }
    },
    "../../packages/project-generator": {
      "version": "0.0.0-stub",
      "dev": true,
      "license": "MIT",
      "dependencies": {
        "chalk": "^5.3.0",
        "commander": "^12.1.0",
        "envinfo": "^7.13.0",
        "i": "^0.3.7",
        "lodash.merge": "^4.6.2",
        "npm": "^10.9.1",
        "rimraf": "^5.0.5"
      },
      "bin": {
        "project-generator": "bin/project-generator.js"
      },
      "devDependencies": {
        "@types/envinfo": "^7.8.4",
        "@types/lodash.merge": "^4.6.9",
        "clean-package": "^2.2.0",
        "cross-env": "^7.0.3",
        "dotenv": "^16.4.5",
        "esbuild": "0.15.5",
        "esbuild-plugin-ignore": "1.1.1",
        "nodemon": "2.0.19",
        "tsc-alias": "1.8.8",
        "tsx": "^4.16.2",
        "typedoc": "^0.25.11",
        "typescript": "^5.5.4"
      }
    },
    "node_modules/detect-libc": {
      "version": "1.0.3",
      "resolved": "https://registry.npmjs.org/detect-libc/-/detect-libc-1.0.3.tgz",
      "integrity": "sha512-pGjwhsmsp4kL2RTz08wcOlGN83otlqHeD/Z5T8GXZB+/YcpQ/dgo+lbU8ZsGxV0HIvqqxo9l7mqYwyYMD9bKDg==",
      "dev": true,
      "license": "Apache-2.0",
      "bin": {
        "detect-libc": "bin/detect-libc.js"
      },
      "engines": {
        "node": ">=0.10"
      }
    },
    "node_modules/fibers": {
      "version": "5.0.3",
      "resolved": "https://registry.npmjs.org/fibers/-/fibers-5.0.3.tgz",
      "integrity": "sha512-/qYTSoZydQkM21qZpGLDLuCq8c+B8KhuCQ1kLPvnRNhxhVbvrpmH9l2+Lblf5neDuEsY4bfT7LeO553TXQDvJw==",
      "dev": true,
      "hasInstallScript": true,
      "license": "MIT",
      "dependencies": {
        "detect-libc": "^1.0.3"
      },
      "engines": {
        "node": ">=10.0.0"
      }
    },
    "node_modules/install": {
      "version": "0.13.0",
      "resolved": "https://registry.npmjs.org/install/-/install-0.13.0.tgz",
      "integrity": "sha512-zDml/jzr2PKU9I8J/xyZBQn8rPCAY//UOYNmR01XwNwyfhEWObo2SWfSl1+0tm1u6PhxLwDnfsT/6jB7OUxqFA==",
      "license": "MIT",
      "engines": {
        "node": ">= 0.10"
      }
    },
    "node_modules/project-generator": {
      "resolved": "../../packages/project-generator",
      "link": true
    },
    "node_modules/sync": {
      "version": "0.2.5",
      "resolved": "https://registry.npmjs.org/sync/-/sync-0.2.5.tgz",
      "integrity": "sha512-g7UDPo8z33h0KAr1cXDU0UzV3LTHONom/EuU7oyEgTEf4/sWR8OYzvKYwiEYqgCmMlbF8YQutoDAfw3hsDU5EQ==",
      "dev": true,
      "license": "MIT",
      "dependencies": {
        "fibers": ">=0.6"
      },
      "engines": {
        "node": ">=0.5.2"
      }
    }
  }
}
